
Microsoft Visual Studio Solution File, Format Version 12.00
# Visual Studio 2017
Project("{FAE04EC0-301F-11D3-BF4B-00C04F79EFBC}") = "pk-dotnet", "pk-dotnet.csproj", "{B59FDFD5-1238-4051-BF7C-9005B9427954}"
EndProject
Project("{E53339B2-1760-4266-BCC7-CA923CBCF16C}") = "docker-compose", "docker-compose.dcproj", "{20136459-A66D-476A-BFEA-6211DBA29769}"
EndProject
Global
	GlobalSection(SolutionConfigurationPlatforms) = preSolution
		Debug|Any CPU = Debug|Any CPU
		Release|Any CPU = Release|Any CPU
	EndGlobalSection
	GlobalSection(ProjectConfigurationPlatforms) = postSolution
		{B59FDFD5-1238-4051-BF7C-9005B9427954}.Debug|Any CPU.ActiveCfg = Debug|Any CPU
		{B59FDFD5-1238-4051-BF7C-9005B9427954}.Debug|Any CPU.Build.0 = Debug|Any CPU
		{B59FDFD5-1238-4051-BF7C-9005B9427954}.Release|Any CPU.ActiveCfg = Release|Any CPU
		{B59FDFD5-1238-4051-BF7C-9005B9427954}.Release|Any CPU.Build.0 = Release|Any CPU
		{20136459-A66D-476A-BFEA-6211DBA29769}.Debug|Any CPU.ActiveCfg = Debug|Any CPU
		{20136459-A66D-476A-BFEA-6211DBA29769}.Debug|Any CPU.Build.0 = Debug|Any CPU
		{20136459-A66D-476A-BFEA-6211DBA29769}.Release|Any CPU.ActiveCfg = Release|Any CPU
		{20136459-A66D-476A-BFEA-6211DBA29769}.Release|Any CPU.Build.0 = Release|Any CPU
	EndGlobalSection
EndGlobal
